// !$*UTF8*$!
{
	archiveVersion = 1;
	classes = {
	};
	objectVersion = 77;
	objects = {

/* Begin PBXFileReference section */
		81D7B2FF2EEE953E0071D83D /* AvatarDemo.app */ = {isa = PBXFileReference; explicitFileType = wrapper.application; includeInIndex = 0; path = AvatarDemo.app; sourceTree = BUILT_PRODUCTS_DIR; };
/* End PBXFileReference section */

/* Begin PBXFileSystemSynchronizedRootGroup section */
		81D7B3012EEE953E0071D83D /* AvatarDemo */ = {
			isa = PBXFileSystemSynchronizedRootGroup;
			path = AvatarDemo;
			sourceTree = "<group>";
		};
/* End PBXFileSystemSynchronizedRootGroup section */

/* Begin PBXFrameworksBuildPhase section */
		81D7B2FC2EEE953E0071D83D /* Frameworks */ = {
			isa = PBXFrameworksBuildPhase;
			buildActionMask = 2147483647;
			files = (
			);
			runOnlyForDeploymentPostprocessing = 0;
		};
/* End PBXFrameworksBuildPhase section */

/* Begin PBXGroup section */
		81D7B2F62EEE953E0071D83D = {
			isa = PBXGroup;
			children = (
				81D7B3012EEE953E0071D83D /* AvatarDemo */,
				81D7B3002EEE953E0071D83D /* Products */,
			);
			sourceTree = "<group>";
		};
		81D7B3002EEE953E0071D83D /* Products */ = {
			isa = PBXGroup;
			children = (
				81D7B2FF2EEE953E0071D83D /* AvatarDemo.app */,
			);
			name = Products;
			sourceTree = "<group>";
		};
/* End PBXGroup section */

/* Begin PBXNativeTarget section */
		81D7B2FE2EEE953E0071D83D /* AvatarDemo */ = {
			isa = PBXNativeTarget;
			buildConfigurationList = 81D7B30A2EEE953E0071D83D /* Build configuration list for PBXNativeTarget "AvatarDemo" */;
			buildPhases = (
				81D7B3B02EEF000000000002 /* Download AvatarKit */,
				81D7B2FB2EEE953E0071D83D /* Sources */,
				81D7B2FC2EEE953E0071D83D /* Frameworks */,
				81D7B2FD2EEE953E0071D83D /* Resources */,
				81D7B3A02EEF000000000002 /* Copy AvatarKit Resources */,
			);
			buildRules = (
			);
			dependencies = (
			);
			fileSystemSynchronizedGroups = (
				81D7B3012EEE953E0071D83D /* AvatarDemo */,
			);
			name = AvatarDemo;
			packageProductDependencies = (
			);
			productName = AvatarDemo;
			productReference = 81D7B2FF2EEE953E0071D83D /* AvatarDemo.app */;
			productType = "com.apple.product-type.application";
		};
/* End PBXNativeTarget section */

/* Begin PBXProject section */
		81D7B2F72EEE953E0071D83D /* Project object */ = {
			isa = PBXProject;
			attributes = {
				BuildIndependentTargetsInParallel = 1;
				LastSwiftUpdateCheck = 2610;
				LastUpgradeCheck = 2610;
				TargetAttributes = {
					81D7B2FE2EEE953E0071D83D = {
						CreatedOnToolsVersion = 26.1.1;
					};
				};
			};
			buildConfigurationList = 81D7B2FA2EEE953E0071D83D /* Build configuration list for PBXProject "AvatarDemo" */;
			developmentRegion = en;
			hasScannedForEncodings = 0;
			knownRegions = (
				en,
				Base,
			);
			mainGroup = 81D7B2F62EEE953E0071D83D;
			minimizedProjectReferenceProxies = 1;
			preferredProjectObjectVersion = 77;
			productRefGroup = 81D7B3002EEE953E0071D83D /* Products */;
			projectDirPath = "";
			projectRoot = "";
			targets = (
				81D7B2FE2EEE953E0071D83D /* AvatarDemo */,
			);
		};
/* End PBXProject section */

/* Begin PBXResourcesBuildPhase section */
		81D7B2FD2EEE953E0071D83D /* Resources */ = {
			isa = PBXResourcesBuildPhase;
			buildActionMask = 2147483647;
			files = (
			);
			runOnlyForDeploymentPostprocessing = 0;
		};
/* End PBXResourcesBuildPhase section */

/* Begin PBXShellScriptBuildPhase section */
		81D7B3A02EEF000000000002 /* Copy AvatarKit Resources */ = {
			isa = PBXShellScriptBuildPhase;
			buildActionMask = 2147483647;
			files = (
			);
			inputFileListPaths = (
			);
			inputPaths = (
			);
			name = "Copy AvatarKit Resources";
			outputFileListPaths = (
			);
			outputPaths = (
			);
			runOnlyForDeploymentPostprocessing = 0;
			shellPath = /bin/sh;
			shellScript = "XCFRAMEWORK_PATH=\"${PROJECT_DIR}/AvatarKit.xcframework\"\n\nif [ \"${PLATFORM_NAME}\" = \"iphonesimulator\" ]; then\n  ARCH_DIR=\"ios-arm64-simulator\"\nelse\n  ARCH_DIR=\"ios-arm64\"\nfi\n\nRESOURCE_BUNDLE=\"${XCFRAMEWORK_PATH}/${ARCH_DIR}/AvatarKit.framework/Resources/AvatarKitResources.bundle\"\n\nif [ -d \"${RESOURCE_BUNDLE}\" ]; then\n  cp -R \"${RESOURCE_BUNDLE}\" \"${BUILT_PRODUCTS_DIR}/${PRODUCT_NAME}.app/\"\n  echo \"Copied AvatarKitResources.bundle to ${BUILT_PRODUCTS_DIR}/${PRODUCT_NAME}.app/\"\nelse\n  echo \"Warning: Resource bundle not found at ${RESOURCE_BUNDLE}\"\nfi\n";
		};
		81D7B3B02EEF000000000002 /* Download AvatarKit */ = {
			isa = PBXShellScriptBuildPhase;
			buildActionMask = 2147483647;
			files = (
			);
			inputFileListPaths = (
			);
			inputPaths = (
			);
			name = "Download AvatarKit";
			outputFileListPaths = (
			);
			outputPaths = (
			);
			runOnlyForDeploymentPostprocessing = 0;
			shellPath = /bin/bash;
			shellScript = "set -e\n\nFRAMEWORK_PATH=\"${PROJECT_DIR}/AvatarKit.xcframework\"\nZIP_PATH=\"${PROJECT_DIR}/AvatarKit.xcframework.zip\"\nCHECKSUM_FILE=\"${PROJECT_DIR}/.avatarkit_checksum\"\nSPATIUS_AVATARKIT_IOS_URL=\"${SPATIUS_AVATARKIT_IOS_URL:-https://github.com/spatius-ai/avatarkit-ios-release/releases/download/v1.0.0/AvatarKit_202605190156.zip}\"\nSPATIUS_AVATARKIT_IOS_CHECKSUM=\"${SPATIUS_AVATARKIT_IOS_CHECKSUM:-332f1826a9872adfe0f0b21ecbf364b72491aac3bb71238eb9808a2620df1563}\"\n\necho \"========================================\"\necho \"AvatarKit.xcframework Download Script\"\necho \"========================================\"\n\nif [ -d \"$FRAMEWORK_PATH\" ]; then\n    echo \"AvatarKit.xcframework is present.\"\n    exit 0\nfi\n\nif [ -z \"$SPATIUS_AVATARKIT_IOS_URL\" ] || [ -z \"$SPATIUS_AVATARKIT_IOS_CHECKSUM\" ]; then\n    echo \"Spatius iOS SDK release artifact is not configured.\"\n    echo \"Set SPATIUS_AVATARKIT_IOS_URL and SPATIUS_AVATARKIT_IOS_CHECKSUM after the official XCFramework release is available.\"\n    exit 1\nfi\n\necho \"Downloading AvatarKit.xcframework...\"\nif ! curl -L -f -o \"$ZIP_PATH\" \"$SPATIUS_AVATARKIT_IOS_URL\"; then\n    echo \"Error: Failed to download from ${SPATIUS_AVATARKIT_IOS_URL}\"\n    exit 1\nfi\n\necho \"Verifying checksum...\"\nACTUAL_CHECKSUM=$(shasum -a 256 \"$ZIP_PATH\" | cut -d \" \" -f 1)\nif [ \"$ACTUAL_CHECKSUM\" != \"$SPATIUS_AVATARKIT_IOS_CHECKSUM\" ]; then\n    echo \"Error: Checksum verification failed.\"\n    echo \"Expected: $SPATIUS_AVATARKIT_IOS_CHECKSUM\"\n    echo \"Actual:   $ACTUAL_CHECKSUM\"\n    rm -f \"$ZIP_PATH\"\n    exit 1\nfi\n\necho \"Extracting...\"\nrm -rf \"$FRAMEWORK_PATH\"\nunzip -q -o \"$ZIP_PATH\" -d \"$PROJECT_DIR\"\nrm -f \"$ZIP_PATH\"\necho \"$SPATIUS_AVATARKIT_IOS_CHECKSUM\" > \"$CHECKSUM_FILE\"\necho \"AvatarKit.xcframework installed successfully.\"\n";
		};
/* End PBXShellScriptBuildPhase section */

/* Begin PBXSourcesBuildPhase section */
		81D7B2FB2EEE953E0071D83D /* Sources */ = {
			isa = PBXSourcesBuildPhase;
			buildActionMask = 2147483647;
			files = (
			);
			runOnlyForDeploymentPostprocessing = 0;
		};
/* End PBXSourcesBuildPhase section */

/* Begin XCBuildConfiguration section */
		81D7B3082EEE953E0071D83D /* Debug */ = {
			isa = XCBuildConfiguration;
			buildSettings = {
				ALWAYS_SEARCH_USER_PATHS = NO;
				ASSETCATALOG_COMPILER_GENERATE_SWIFT_ASSET_SYMBOL_EXTENSIONS = YES;
				CLANG_ANALYZER_NONNULL = YES;
				CLANG_ANALYZER_NUMBER_OBJECT_CONVERSION = YES_AGGRESSIVE;
				CLANG_CXX_LANGUAGE_STANDARD = "gnu++20";
				CLANG_ENABLE_MODULES = YES;
				CLANG_ENABLE_OBJC_ARC = YES;
				CLANG_ENABLE_OBJC_WEAK = YES;
				CLANG_WARN_BLOCK_CAPTURE_AUTORELEASING = YES;
				CLANG_WARN_BOOL_CONVERSION = YES;
				CLANG_WARN_COMMA = YES;
				CLANG_WARN_CONSTANT_CONVERSION = YES;
				CLANG_WARN_DEPRECATED_OBJC_IMPLEMENTATIONS = YES;
				CLANG_WARN_DIRECT_OBJC_ISA_USAGE = YES_ERROR;
				CLANG_WARN_DOCUMENTATION_COMMENTS = YES;
				CLANG_WARN_EMPTY_BODY = YES;
				CLANG_WARN_ENUM_CONVERSION = YES;
				CLANG_WARN_INFINITE_RECURSION = YES;
				CLANG_WARN_INT_CONVERSION = YES;
				CLANG_WARN_NON_LITERAL_NULL_CONVERSION = YES;
				CLANG_WARN_OBJC_IMPLICIT_RETAIN_SELF = YES;
				CLANG_WARN_OBJC_LITERAL_CONVERSION = YES;
				CLANG_WARN_OBJC_ROOT_CLASS = YES_ERROR;
				CLANG_WARN_QUOTED_INCLUDE_IN_FRAMEWORK_HEADER = YES;
				CLANG_WARN_RANGE_LOOP_ANALYSIS = YES;
				CLANG_WARN_STRICT_PROTOTYPES = YES;
				CLANG_WARN_SUSPICIOUS_MOVE = YES;
				CLANG_WARN_UNGUARDED_AVAILABILITY = YES_AGGRESSIVE;
				CLANG_WARN_UNREACHABLE_CODE = YES;
				CLANG_WARN__DUPLICATE_METHOD_MATCH = YES;
				COPY_PHASE_STRIP = NO;
				DEBUG_INFORMATION_FORMAT = dwarf;
				DEVELOPMENT_TEAM = 4T2SFHD6HA;
				ENABLE_STRICT_OBJC_MSGSEND = YES;
				ENABLE_TESTABILITY = YES;
				ENABLE_USER_SCRIPT_SANDBOXING = YES;
				GCC_C_LANGUAGE_STANDARD = gnu17;
				GCC_DYNAMIC_NO_PIC = NO;
				GCC_NO_COMMON_BLOCKS = YES;
				GCC_OPTIMIZATION_LEVEL = 0;
				GCC_PREPROCESSOR_DEFINITIONS = (
					"DEBUG=1",
					"$(inherited)",
				);
				GCC_WARN_64_TO_32_BIT_CONVERSION = YES;
				GCC_WARN_ABOUT_RETURN_TYPE = YES_ERROR;
				GCC_WARN_UNDECLARED_SELECTOR = YES;
				GCC_WARN_UNINITIALIZED_AUTOS = YES_AGGRESSIVE;
				GCC_WARN_UNUSED_FUNCTION = YES;
				GCC_WARN_UNUSED_VARIABLE = YES;
				LOCALIZATION_PREFERS_STRING_CATALOGS = YES;
				MTL_ENABLE_DEBUG_INFO = INCLUDE_SOURCE;
				MTL_FAST_MATH = YES;
				ONLY_ACTIVE_ARCH = YES;
				SWIFT_ACTIVE_COMPILATION_CONDITIONS = "DEBUG $(inherited)";
				SWIFT_OPTIMIZATION_LEVEL = "-Onone";
			};
			name = Debug;
		};
		81D7B3092EEE953E0071D83D /* Release */ = {
			isa = XCBuildConfiguration;
			buildSettings = {
				ALWAYS_SEARCH_USER_PATHS = NO;
				ASSETCATALOG_COMPILER_GENERATE_SWIFT_ASSET_SYMBOL_EXTENSIONS = YES;
				CLANG_ANALYZER_NONNULL = YES;
				CLANG_ANALYZER_NUMBER_OBJECT_CONVERSION = YES_AGGRESSIVE;
				CLANG_CXX_LANGUAGE_STANDARD = "gnu++20";
				CLANG_ENABLE_MODULES = YES;
				CLANG_ENABLE_OBJC_ARC = YES;
				CLANG_ENABLE_OBJC_WEAK = YES;
				CLANG_WARN_BLOCK_CAPTURE_AUTORELEASING = YES;
				CLANG_WARN_BOOL_CONVERSION = YES;
				CLANG_WARN_COMMA = YES;
				CLANG_WARN_CONSTANT_CONVERSION = YES;
				CLANG_WARN_DEPRECATED_OBJC_IMPLEMENTATIONS = YES;
				CLANG_WARN_DIRECT_OBJC_ISA_USAGE = YES_ERROR;
				CLANG_WARN_DOCUMENTATION_COMMENTS = YES;
				CLANG_WARN_EMPTY_BODY = YES;
				CLANG_WARN_ENUM_CONVERSION = YES;
				CLANG_WARN_INFINITE_RECURSION = YES;
				CLANG_WARN_INT_CONVERSION = YES;
				CLANG_WARN_NON_LITERAL_NULL_CONVERSION = YES;
				CLANG_WARN_OBJC_IMPLICIT_RETAIN_SELF = YES;
				CLANG_WARN_OBJC_LITERAL_CONVERSION = YES;
				CLANG_WARN_OBJC_ROOT_CLASS = YES_ERROR;
				CLANG_WARN_QUOTED_INCLUDE_IN_FRAMEWORK_HEADER = YES;
				CLANG_WARN_RANGE_LOOP_ANALYSIS = YES;
				CLANG_WARN_STRICT_PROTOTYPES = YES;
				CLANG_WARN_SUSPICIOUS_MOVE = YES;
				CLANG_WARN_UNGUARDED_AVAILABILITY = YES_AGGRESSIVE;
				CLANG_WARN_UNREACHABLE_CODE = YES;
				CLANG_WARN__DUPLICATE_METHOD_MATCH = YES;
				COPY_PHASE_STRIP = NO;
				DEBUG_INFORMATION_FORMAT = "dwarf-with-dsym";
				DEVELOPMENT_TEAM = 4T2SFHD6HA;
				ENABLE_NS_ASSERTIONS = NO;
				ENABLE_STRICT_OBJC_MSGSEND = YES;
				ENABLE_USER_SCRIPT_SANDBOXING = YES;
				GCC_C_LANGUAGE_STANDARD = gnu17;
				GCC_NO_COMMON_BLOCKS = YES;
				GCC_WARN_64_TO_32_BIT_CONVERSION = YES;
				GCC_WARN_ABOUT_RETURN_TYPE = YES_ERROR;
				GCC_WARN_UNDECLARED_SELECTOR = YES;
				GCC_WARN_UNINITIALIZED_AUTOS = YES_AGGRESSIVE;
				GCC_WARN_UNUSED_FUNCTION = YES;
				GCC_WARN_UNUSED_VARIABLE = YES;
				LOCALIZATION_PREFERS_STRING_CATALOGS = YES;
				MTL_ENABLE_DEBUG_INFO = NO;
				MTL_FAST_MATH = YES;
				SWIFT_COMPILATION_MODE = wholemodule;
			};
			name = Release;
		};
		81D7B30B2EEE953E0071D83D /* Debug */ = {
			isa = XCBuildConfiguration;
			buildSettings = {
				ASSETCATALOG_COMPILER_APPICON_NAME = AppIcon;
				ASSETCATALOG_COMPILER_GLOBAL_ACCENT_COLOR_NAME = AccentColor;
				CODE_SIGN_STYLE = Automatic;
				CURRENT_PROJECT_VERSION = 1;
				DEVELOPMENT_TEAM = 4T2SFHD6HA;
				ENABLE_APP_SANDBOX = YES;
				ENABLE_HARDENED_RUNTIME = YES;
				ENABLE_PREVIEWS = YES;
				ENABLE_USER_SCRIPT_SANDBOXING = NO;
				ENABLE_USER_SELECTED_FILES = readonly;
				"FRAMEWORK_SEARCH_PATHS[sdk=iphoneos*]" = "$(PROJECT_DIR)/AvatarKit.xcframework/ios-arm64";
				"FRAMEWORK_SEARCH_PATHS[sdk=iphonesimulator*]" = "$(PROJECT_DIR)/AvatarKit.xcframework/ios-arm64-simulator";
				GENERATE_INFOPLIST_FILE = YES;
				INFOPLIST_KEY_CFBundleDisplayName = "AvatarKit Demo";
				INFOPLIST_KEY_NSMicrophoneUsageDescription = "AvatarKit Demo needs microphone access for voice input in Direct Mode.";
				"INFOPLIST_KEY_UIApplicationSceneManifest_Generation[sdk=iphoneos*]" = YES;
				"INFOPLIST_KEY_UIApplicationSceneManifest_Generation[sdk=iphonesimulator*]" = YES;
				"INFOPLIST_KEY_UIApplicationSupportsIndirectInputEvents[sdk=iphoneos*]" = YES;
				"INFOPLIST_KEY_UIApplicationSupportsIndirectInputEvents[sdk=iphonesimulator*]" = YES;
				"INFOPLIST_KEY_UILaunchScreen_Generation[sdk=iphoneos*]" = YES;
				"INFOPLIST_KEY_UILaunchScreen_Generation[sdk=iphonesimulator*]" = YES;
				"INFOPLIST_KEY_UIStatusBarStyle[sdk=iphoneos*]" = UIStatusBarStyleDefault;
				"INFOPLIST_KEY_UIStatusBarStyle[sdk=iphonesimulator*]" = UIStatusBarStyleDefault;
				INFOPLIST_KEY_UISupportedInterfaceOrientations = UIInterfaceOrientationPortrait;
				INFOPLIST_KEY_UISupportedInterfaceOrientations_iPad = "UIInterfaceOrientationLandscapeLeft UIInterfaceOrientationLandscapeRight UIInterfaceOrientationPortrait UIInterfaceOrientationPortraitUpsideDown";
				IPHONEOS_DEPLOYMENT_TARGET = 16.0;
				LD_RUNPATH_SEARCH_PATHS = "@executable_path/Frameworks";
				"LD_RUNPATH_SEARCH_PATHS[sdk=macosx*]" = "@executable_path/../Frameworks";
				MACOSX_DEPLOYMENT_TARGET = 26.1;
				MARKETING_VERSION = 1.0;
				OTHER_LDFLAGS = (
					"-lz",
					"-lc++",
					"-framework",
					AvatarKit,
				);
				PRODUCT_BUNDLE_IDENTIFIER = ai.spatius.avatarDirectDemo;
				PRODUCT_NAME = "$(TARGET_NAME)";
				REGISTER_APP_GROUPS = YES;
				SDKROOT = auto;
				STRING_CATALOG_GENERATE_SYMBOLS = YES;
				SUPPORTED_PLATFORMS = "iphoneos iphonesimulator";
				SUPPORTS_MACCATALYST = NO;
				SWIFT_APPROACHABLE_CONCURRENCY = YES;
				SWIFT_DEFAULT_ACTOR_ISOLATION = MainActor;
				SWIFT_EMIT_LOC_STRINGS = YES;
				SWIFT_UPCOMING_FEATURE_MEMBER_IMPORT_VISIBILITY = YES;
				SWIFT_VERSION = 5.0;
				TARGETED_DEVICE_FAMILY = "1,2";
				XROS_DEPLOYMENT_TARGET = 26.1;
			};
			name = Debug;
		};
		81D7B30C2EEE953E0071D83D /* Release */ = {
			isa = XCBuildConfiguration;
			buildSettings = {
				ASSETCATALOG_COMPILER_APPICON_NAME = AppIcon;
				ASSETCATALOG_COMPILER_GLOBAL_ACCENT_COLOR_NAME = AccentColor;
				CODE_SIGN_STYLE = Automatic;
				CURRENT_PROJECT_VERSION = 1;
				DEVELOPMENT_TEAM = 4T2SFHD6HA;
				ENABLE_APP_SANDBOX = YES;
				ENABLE_HARDENED_RUNTIME = YES;
				ENABLE_PREVIEWS = YES;
				ENABLE_USER_SCRIPT_SANDBOXING = NO;
				ENABLE_USER_SELECTED_FILES = readonly;
				"FRAMEWORK_SEARCH_PATHS[sdk=iphoneos*]" = "$(PROJECT_DIR)/AvatarKit.xcframework/ios-arm64";
				"FRAMEWORK_SEARCH_PATHS[sdk=iphonesimulator*]" = "$(PROJECT_DIR)/AvatarKit.xcframework/ios-arm64-simulator";
				GENERATE_INFOPLIST_FILE = YES;
				INFOPLIST_KEY_CFBundleDisplayName = "AvatarKit Demo";
				INFOPLIST_KEY_NSMicrophoneUsageDescription = "AvatarKit Demo needs microphone access for voice input in Direct Mode.";
				"INFOPLIST_KEY_UIApplicationSceneManifest_Generation[sdk=iphoneos*]" = YES;
				"INFOPLIST_KEY_UIApplicationSceneManifest_Generation[sdk=iphonesimulator*]" = YES;
				"INFOPLIST_KEY_UIApplicationSupportsIndirectInputEvents[sdk=iphoneos*]" = YES;
				"INFOPLIST_KEY_UIApplicationSupportsIndirectInputEvents[sdk=iphonesimulator*]" = YES;
				"INFOPLIST_KEY_UILaunchScreen_Generation[sdk=iphoneos*]" = YES;
				"INFOPLIST_KEY_UILaunchScreen_Generation[sdk=iphonesimulator*]" = YES;
				"INFOPLIST_KEY_UIStatusBarStyle[sdk=iphoneos*]" = UIStatusBarStyleDefault;
				"INFOPLIST_KEY_UIStatusBarStyle[sdk=iphonesimulator*]" = UIStatusBarStyleDefault;
				INFOPLIST_KEY_UISupportedInterfaceOrientations = UIInterfaceOrientationPortrait;
				INFOPLIST_KEY_UISupportedInterfaceOrientations_iPad = "UIInterfaceOrientationLandscapeLeft UIInterfaceOrientationLandscapeRight UIInterfaceOrientationPortrait UIInterfaceOrientationPortraitUpsideDown";
				IPHONEOS_DEPLOYMENT_TARGET = 16.0;
				LD_RUNPATH_SEARCH_PATHS = "@executable_path/Frameworks";
				"LD_RUNPATH_SEARCH_PATHS[sdk=macosx*]" = "@executable_path/../Frameworks";
				MACOSX_DEPLOYMENT_TARGET = 26.1;
				MARKETING_VERSION = 1.0;
				OTHER_LDFLAGS = (
					"-lz",
					"-lc++",
					"-framework",
					AvatarKit,
				);
				PRODUCT_BUNDLE_IDENTIFIER = ai.spatius.avatarDirectDemo;
				PRODUCT_NAME = "$(TARGET_NAME)";
				REGISTER_APP_GROUPS = YES;
				SDKROOT = auto;
				STRING_CATALOG_GENERATE_SYMBOLS = YES;
				SUPPORTED_PLATFORMS = "iphoneos iphonesimulator";
				SUPPORTS_MACCATALYST = NO;
				SWIFT_APPROACHABLE_CONCURRENCY = YES;
				SWIFT_DEFAULT_ACTOR_ISOLATION = MainActor;
				SWIFT_EMIT_LOC_STRINGS = YES;
				SWIFT_UPCOMING_FEATURE_MEMBER_IMPORT_VISIBILITY = YES;
				SWIFT_VERSION = 5.0;
				TARGETED_DEVICE_FAMILY = "1,2";
				XROS_DEPLOYMENT_TARGET = 26.1;
			};
			name = Release;
		};
/* End XCBuildConfiguration section */

/* Begin XCConfigurationList section */
		81D7B2FA2EEE953E0071D83D /* Build configuration list for PBXProject "AvatarDemo" */ = {
			isa = XCConfigurationList;
			buildConfigurations = (
				81D7B3082EEE953E0071D83D /* Debug */,
				81D7B3092EEE953E0071D83D /* Release */,
			);
			defaultConfigurationIsVisible = 0;
			defaultConfigurationName = Release;
		};
		81D7B30A2EEE953E0071D83D /* Build configuration list for PBXNativeTarget "AvatarDemo" */ = {
			isa = XCConfigurationList;
			buildConfigurations = (
				81D7B30B2EEE953E0071D83D /* Debug */,
				81D7B30C2EEE953E0071D83D /* Release */,
			);
			defaultConfigurationIsVisible = 0;
			defaultConfigurationName = Release;
		};
/* End XCConfigurationList section */
	};
	rootObject = 81D7B2F72EEE953E0071D83D /* Project object */;
}
